{
  "name": "ast",
  "version": "1.0.0",
  "lockfileVersion": 1,
  "requires": true,
  "dependencies": {
    "ast-types": {
      "version": "0.12.2",
      "resolved": "https://registry.npmjs.org/ast-types/-/ast-types-0.12.2.tgz",
      "integrity": "sha512-8c83xDLJM/dLDyXNLiR6afRRm4dPKN6KAnKqytRK3DBJul9lA+atxdQkNDkSVPdTqea5HiRq3lnnOIZ0MBpvdg=="
    },
    "esprima": {
      "version": "4.0.1",
      "resolved": "https://registry.npmjs.org/esprima/-/esprima-4.0.1.tgz",
      "integrity": "sha512-eGuFFw7Upda+g4p+QHvnW0RyTX/SVeJBDM/gCtMARO0cLuT2HcEKnTPvhjV6aGeqrCB/sbNop0Kszm0jsaWU4A=="
    },
    "private": {
      "version": "0.1.8",
      "resolved": "https://registry.npmjs.org/private/-/private-0.1.8.tgz",
      "integrity": "sha512-VvivMrbvd2nKkiG38qjULzlc+4Vx4wm/whI9pQD35YrARNnhxeiRktSOhSukRLFNlzg6Br/cJPet5J/u19r/mg=="
    },
    "recast": {
      "version": "0.17.3",
      "resolved": "https://registry.npmjs.org/recast/-/recast-0.17.3.tgz",
      "integrity": "sha512-NwQguXPwHqaVb6M7tsY11+8RDoAKHGRdymPGDxHJrsxOlNADQh0b08uz/MgYp1R1wmHuSBK4A4I5Oq+cE1J40g==",
      "requires": {
        "ast-types": "0.12.2",
        "esprima": "~4.0.0",
        "private": "^0.1.8",
        "source-map": "~0.6.1"
      }
    },
    "source-map": {
      "version": "0.6.1",
      "resolved": "https://registry.npmjs.org/source-map/-/source-map-0.6.1.tgz",
      "integrity": "sha512-UjgapumWlbMhkBgzT7Ykc5YXUT46F0iKu8SGXq0bcwP5dz/h0Plj6enJqjz1Zbq2l5WaqYnrVbwWOWMyF3F47g=="
    }
  }
}
